
Microsoft Visual Studio Solution File, Format Version 12.00
# Visual Studio Version 16
VisualStudioVersion = 16.0.29306.81
MinimumVisualStudioVersion = 10.0.40219.1
Project("{9A19103F-16F7-4668-BE54-9A1E7A4F7556}") = "MilesPerGallon", "MilesPerGallon.csproj", "{D4C7D848-7DDD-4DC8-84B4-67111384D647}"
EndProject
Project("{00D1A9C2-B5F0-4AF3-8072-F6C62B433612}") = "MPGDatabase", "..\MPGDatabase\MPGDatabase.sqlproj", "{FAAAB85B-7323-4C76-A413-D6686A8F6DA8}"
EndProject
Global
	GlobalSection(SolutionConfigurationPlatforms) = preSolution
		Debug|Any CPU = Debug|Any CPU
		Release|Any CPU = Release|Any CPU
	EndGlobalSection
	GlobalSection(ProjectConfigurationPlatforms) = postSolution
		{D4C7D848-7DDD-4DC8-84B4-67111384D647}.Debug|Any CPU.ActiveCfg = Debug|Any CPU
		{D4C7D848-7DDD-4DC8-84B4-67111384D647}.Debug|Any CPU.Build.0 = Debug|Any CPU
		{D4C7D848-7DDD-4DC8-84B4-67111384D647}.Release|Any CPU.ActiveCfg = Release|Any CPU
		{D4C7D848-7DDD-4DC8-84B4-67111384D647}.Release|Any CPU.Build.0 = Release|Any CPU
		{FAAAB85B-7323-4C76-A413-D6686A8F6DA8}.Debug|Any CPU.ActiveCfg = Debug|Any CPU
		{FAAAB85B-7323-4C76-A413-D6686A8F6DA8}.Debug|Any CPU.Build.0 = Debug|Any CPU
		{FAAAB85B-7323-4C76-A413-D6686A8F6DA8}.Debug|Any CPU.Deploy.0 = Debug|Any CPU
		{FAAAB85B-7323-4C76-A413-D6686A8F6DA8}.Release|Any CPU.ActiveCfg = Release|Any CPU
		{FAAAB85B-7323-4C76-A413-D6686A8F6DA8}.Release|Any CPU.Build.0 = Release|Any CPU
		{FAAAB85B-7323-4C76-A413-D6686A8F6DA8}.Release|Any CPU.Deploy.0 = Release|Any CPU
	EndGlobalSection
	GlobalSection(SolutionProperties) = preSolution
		HideSolutionNode = FALSE
	EndGlobalSection
	GlobalSection(ExtensibilityGlobals) = postSolution
		SolutionGuid = {FED8B18F-B2AC-4EB7-81C2-F6578AAAFB00}
	EndGlobalSection
EndGlobal
